
Microsoft Visual Studio Solution File, Format Version 12.00
# Visual Studio Version 17
VisualStudioVersion = 17.5.33502.453
MinimumVisualStudioVersion = 10.0.40219.1
Project("{FAE04EC0-301F-11D3-BF4B-00C04F79EFBC}") = "TechStoreWebAPI", "TechStoreWebAPI.csproj", "{D5B43810-688A-414F-A03F-AD404F7E7EF0}"
EndProject
Global
	GlobalSection(SolutionConfigurationPlatforms) = preSolution
		Debug|Any CPU = Debug|Any CPU
		Release|Any CPU = Release|Any CPU
	EndGlobalSection
	GlobalSection(ProjectConfigurationPlatforms) = postSolution
		{D5B43810-688A-414F-A03F-AD404F7E7EF0}.Debug|Any CPU.ActiveCfg = Debug|Any CPU
		{D5B43810-688A-414F-A03F-AD404F7E7EF0}.Debug|Any CPU.Build.0 = Debug|Any CPU
		{D5B43810-688A-414F-A03F-AD404F7E7EF0}.Release|Any CPU.ActiveCfg = Release|Any CPU
		{D5B43810-688A-414F-A03F-AD404F7E7EF0}.Release|Any CPU.Build.0 = Release|Any CPU
	EndGlobalSection
	GlobalSection(SolutionProperties) = preSolution
		HideSolutionNode = FALSE
	EndGlobalSection
	GlobalSection(ExtensibilityGlobals) = postSolution
		SolutionGuid = {E83ED61B-8EE1-4D57-9922-A249BF95F7BF}
	EndGlobalSection
EndGlobal
